
Microsoft Visual Studio Solution File, Format Version 12.00
# Visual Studio 15
VisualStudioVersion = 15.0.28307.421
MinimumVisualStudioVersion = 10.0.40219.1
Project("{FAE04EC0-301F-11D3-BF4B-00C04F79EFBC}") = "Aprismatic-LRUCache", "Aprismatic-Cache\Aprismatic-LRUCache.csproj", "{C6A81046-2D01-49EE-B9A1-9173838C3D34}"
EndProject
Project("{FAE04EC0-301F-11D3-BF4B-00C04F79EFBC}") = "AprismaticCacheTests", "DequeTests\AprismaticCacheTests.csproj", "{EC908187-6CCC-4BBC-BA72-62F806B99DB4}"
EndProject
Global
	GlobalSection(SolutionConfigurationPlatforms) = preSolution
		Debug|Any CPU = Debug|Any CPU
		Release|Any CPU = Release|Any CPU
	EndGlobalSection
	GlobalSection(ProjectConfigurationPlatforms) = postSolution
		{C6A81046-2D01-49EE-B9A1-9173838C3D34}.Debug|Any CPU.ActiveCfg = Debug|Any CPU
		{C6A81046-2D01-49EE-B9A1-9173838C3D34}.Debug|Any CPU.Build.0 = Debug|Any CPU
		{C6A81046-2D01-49EE-B9A1-9173838C3D34}.Release|Any CPU.ActiveCfg = Release|Any CPU
		{C6A81046-2D01-49EE-B9A1-9173838C3D34}.Release|Any CPU.Build.0 = Release|Any CPU
		{EC908187-6CCC-4BBC-BA72-62F806B99DB4}.Debug|Any CPU.ActiveCfg = Debug|Any CPU
		{EC908187-6CCC-4BBC-BA72-62F806B99DB4}.Debug|Any CPU.Build.0 = Debug|Any CPU
		{EC908187-6CCC-4BBC-BA72-62F806B99DB4}.Release|Any CPU.ActiveCfg = Release|Any CPU
		{EC908187-6CCC-4BBC-BA72-62F806B99DB4}.Release|Any CPU.Build.0 = Release|Any CPU
	EndGlobalSection
	GlobalSection(SolutionProperties) = preSolution
		HideSolutionNode = FALSE
	EndGlobalSection
	GlobalSection(ExtensibilityGlobals) = postSolution
		SolutionGuid = {00086F84-D354-4D60-BCA1-296284F0B843}
	EndGlobalSection
EndGlobal
